
Microsoft Visual Studio Solution File, Format Version 10.00
# Visual Studio 2008
Project("{FAE04EC0-301F-11D3-BF4B-00C04F79EFBC}") = "Octopus", "Octopus\Octopus.csproj", "{B57076D6-B871-4ED8-8B18-95F97B90D724}"
EndProject
Project("{FAE04EC0-301F-11D3-BF4B-00C04F79EFBC}") = "Octopus.Tests", "Octopus.Tests\Octopus.Tests.csproj", "{D7E37FF7-2CCB-4855-8B0F-18BDB7AB7ED1}"
EndProject
Global
	GlobalSection(SolutionConfigurationPlatforms) = preSolution
		Debug|Any CPU = Debug|Any CPU
		Release|Any CPU = Release|Any CPU
		Default|Any CPU = Default|Any CPU
	EndGlobalSection
	GlobalSection(ProjectConfigurationPlatforms) = postSolution
		{B57076D6-B871-4ED8-8B18-95F97B90D724}.Debug|Any CPU.ActiveCfg = Debug|Any CPU
		{B57076D6-B871-4ED8-8B18-95F97B90D724}.Debug|Any CPU.Build.0 = Debug|Any CPU
		{B57076D6-B871-4ED8-8B18-95F97B90D724}.Release|Any CPU.ActiveCfg = Release|Any CPU
		{B57076D6-B871-4ED8-8B18-95F97B90D724}.Release|Any CPU.Build.0 = Release|Any CPU
		{D7E37FF7-2CCB-4855-8B0F-18BDB7AB7ED1}.Debug|Any CPU.ActiveCfg = Debug|Any CPU
		{D7E37FF7-2CCB-4855-8B0F-18BDB7AB7ED1}.Debug|Any CPU.Build.0 = Debug|Any CPU
		{D7E37FF7-2CCB-4855-8B0F-18BDB7AB7ED1}.Default|Any CPU.ActiveCfg = Debug|Any CPU
		{D7E37FF7-2CCB-4855-8B0F-18BDB7AB7ED1}.Default|Any CPU.Build.0 = Debug|Any CPU
		{D7E37FF7-2CCB-4855-8B0F-18BDB7AB7ED1}.Release|Any CPU.ActiveCfg = Release|Any CPU
		{D7E37FF7-2CCB-4855-8B0F-18BDB7AB7ED1}.Release|Any CPU.Build.0 = Release|Any CPU
	EndGlobalSection
	GlobalSection(MonoDevelopProperties) = preSolution
		StartupItem = Octopus\Octopus.csproj
	EndGlobalSection
EndGlobal
